
Microsoft Visual Studio Solution File, Format Version 12.00
# Visual Studio 15
VisualStudioVersion = 15.0.27130.2027
MinimumVisualStudioVersion = 10.0.40219.1
Project("{FAE04EC0-301F-11D3-BF4B-00C04F79EFBC}") = "OnlabNews", "OnlabNews\OnlabNews.csproj", "{5BED0A5B-22E3-48F3-8706-D27496283592}"
EndProject
Project("{9A19103F-16F7-4668-BE54-9A1E7A4F7556}") = "DataAccessLibrary", "DataAccessLibrary\DataAccessLibrary.csproj", "{68AC2140-2095-4C4C-90E6-25C77400AE88}"
EndProject
Project("{FAE04EC0-301F-11D3-BF4B-00C04F79EFBC}") = "Tasks", "Tasks\Tasks.csproj", "{4C6B32BE-0D92-4900-8F43-6FF9723F7A7A}"
EndProject
Global
	GlobalSection(SolutionConfigurationPlatforms) = preSolution
		Debug|Any CPU = Debug|Any CPU
		Debug|ARM = Debug|ARM
		Debug|x64 = Debug|x64
		Debug|x86 = Debug|x86
		Release|Any CPU = Release|Any CPU
		Release|ARM = Release|ARM
		Release|x64 = Release|x64
		Release|x86 = Release|x86
	EndGlobalSection
	GlobalSection(ProjectConfigurationPlatforms) = postSolution
		{5BED0A5B-22E3-48F3-8706-D27496283592}.Debug|Any CPU.ActiveCfg = Debug|x86
		{5BED0A5B-22E3-48F3-8706-D27496283592}.Debug|ARM.ActiveCfg = Debug|ARM
		{5BED0A5B-22E3-48F3-8706-D27496283592}.Debug|ARM.Build.0 = Debug|ARM
		{5BED0A5B-22E3-48F3-8706-D27496283592}.Debug|ARM.Deploy.0 = Debug|ARM
		{5BED0A5B-22E3-48F3-8706-D27496283592}.Debug|x64.ActiveCfg = Debug|x64
		{5BED0A5B-22E3-48F3-8706-D27496283592}.Debug|x64.Build.0 = Debug|x64
		{5BED0A5B-22E3-48F3-8706-D27496283592}.Debug|x64.Deploy.0 = Debug|x64
		{5BED0A5B-22E3-48F3-8706-D27496283592}.Debug|x86.ActiveCfg = Debug|x86
		{5BED0A5B-22E3-48F3-8706-D27496283592}.Debug|x86.Build.0 = Debug|x86
		{5BED0A5B-22E3-48F3-8706-D27496283592}.Debug|x86.Deploy.0 = Debug|x86
		{5BED0A5B-22E3-48F3-8706-D27496283592}.Release|Any CPU.ActiveCfg = Release|x86
		{5BED0A5B-22E3-48F3-8706-D27496283592}.Release|ARM.ActiveCfg = Release|ARM
		{5BED0A5B-22E3-48F3-8706-D27496283592}.Release|ARM.Build.0 = Release|ARM
		{5BED0A5B-22E3-48F3-8706-D27496283592}.Release|ARM.Deploy.0 = Release|ARM
		{5BED0A5B-22E3-48F3-8706-D27496283592}.Release|x64.ActiveCfg = Release|x64
		{5BED0A5B-22E3-48F3-8706-D27496283592}.Release|x64.Build.0 = Release|x64
		{5BED0A5B-22E3-48F3-8706-D27496283592}.Release|x64.Deploy.0 = Release|x64
		{5BED0A5B-22E3-48F3-8706-D27496283592}.Release|x86.ActiveCfg = Release|x86
		{5BED0A5B-22E3-48F3-8706-D27496283592}.Release|x86.Build.0 = Release|x86
		{5BED0A5B-22E3-48F3-8706-D27496283592}.Release|x86.Deploy.0 = Release|x86
		{68AC2140-2095-4C4C-90E6-25C77400AE88}.Debug|Any CPU.ActiveCfg = Debug|Any CPU
		{68AC2140-2095-4C4C-90E6-25C77400AE88}.Debug|Any CPU.Build.0 = Debug|Any CPU
		{68AC2140-2095-4C4C-90E6-25C77400AE88}.Debug|ARM.ActiveCfg = Debug|Any CPU
		{68AC2140-2095-4C4C-90E6-25C77400AE88}.Debug|ARM.Build.0 = Debug|Any CPU
		{68AC2140-2095-4C4C-90E6-25C77400AE88}.Debug|x64.ActiveCfg = Debug|Any CPU
		{68AC2140-2095-4C4C-90E6-25C77400AE88}.Debug|x64.Build.0 = Debug|Any CPU
		{68AC2140-2095-4C4C-90E6-25C77400AE88}.Debug|x86.ActiveCfg = Debug|Any CPU
		{68AC2140-2095-4C4C-90E6-25C77400AE88}.Debug|x86.Build.0 = Debug|Any CPU
		{68AC2140-2095-4C4C-90E6-25C77400AE88}.Release|Any CPU.ActiveCfg = Release|Any CPU
		{68AC2140-2095-4C4C-90E6-25C77400AE88}.Release|Any CPU.Build.0 = Release|Any CPU
		{68AC2140-2095-4C4C-90E6-25C77400AE88}.Release|ARM.ActiveCfg = Release|Any CPU
		{68AC2140-2095-4C4C-90E6-25C77400AE88}.Release|ARM.Build.0 = Release|Any CPU
		{68AC2140-2095-4C4C-90E6-25C77400AE88}.Release|x64.ActiveCfg = Release|Any CPU
		{68AC2140-2095-4C4C-90E6-25C77400AE88}.Release|x64.Build.0 = Release|Any CPU
		{68AC2140-2095-4C4C-90E6-25C77400AE88}.Release|x86.ActiveCfg = Release|Any CPU
		{68AC2140-2095-4C4C-90E6-25C77400AE88}.Release|x86.Build.0 = Release|Any CPU
		{4C6B32BE-0D92-4900-8F43-6FF9723F7A7A}.Debug|Any CPU.ActiveCfg = Debug|Any CPU
		{4C6B32BE-0D92-4900-8F43-6FF9723F7A7A}.Debug|Any CPU.Build.0 = Debug|Any CPU
		{4C6B32BE-0D92-4900-8F43-6FF9723F7A7A}.Debug|ARM.ActiveCfg = Debug|ARM
		{4C6B32BE-0D92-4900-8F43-6FF9723F7A7A}.Debug|ARM.Build.0 = Debug|ARM
		{4C6B32BE-0D92-4900-8F43-6FF9723F7A7A}.Debug|x64.ActiveCfg = Debug|x64
		{4C6B32BE-0D92-4900-8F43-6FF9723F7A7A}.Debug|x64.Build.0 = Debug|x64
		{4C6B32BE-0D92-4900-8F43-6FF9723F7A7A}.Debug|x86.ActiveCfg = Debug|x86
		{4C6B32BE-0D92-4900-8F43-6FF9723F7A7A}.Debug|x86.Build.0 = Debug|x86
		{4C6B32BE-0D92-4900-8F43-6FF9723F7A7A}.Release|Any CPU.ActiveCfg = Release|Any CPU
		{4C6B32BE-0D92-4900-8F43-6FF9723F7A7A}.Release|Any CPU.Build.0 = Release|Any CPU
		{4C6B32BE-0D92-4900-8F43-6FF9723F7A7A}.Release|ARM.ActiveCfg = Release|ARM
		{4C6B32BE-0D92-4900-8F43-6FF9723F7A7A}.Release|ARM.Build.0 = Release|ARM
		{4C6B32BE-0D92-4900-8F43-6FF9723F7A7A}.Release|x64.ActiveCfg = Release|x64
		{4C6B32BE-0D92-4900-8F43-6FF9723F7A7A}.Release|x64.Build.0 = Release|x64
		{4C6B32BE-0D92-4900-8F43-6FF9723F7A7A}.Release|x86.ActiveCfg = Release|x86
		{4C6B32BE-0D92-4900-8F43-6FF9723F7A7A}.Release|x86.Build.0 = Release|x86
	EndGlobalSection
	GlobalSection(SolutionProperties) = preSolution
		HideSolutionNode = FALSE
	EndGlobalSection
	GlobalSection(ExtensibilityGlobals) = postSolution
		SolutionGuid = {680062BD-CD58-4243-8F11-581C20685604}
	EndGlobalSection
EndGlobal
